
Microsoft Visual Studio Solution File, Format Version 12.00
# Visual Studio Version 16
VisualStudioVersion = 16.0.29709.97
MinimumVisualStudioVersion = 10.0.40219.1
Project("{FAE04EC0-301F-11D3-BF4B-00C04F79EFBC}") = "Calculator2", "Calculator2\Calculator2.csproj", "{69CF8C92-DDCD-4D05-9688-E5964290CB2E}"
EndProject
Global
	GlobalSection(SolutionConfigurationPlatforms) = preSolution
		Debug|Any CPU = Debug|Any CPU
		Release|Any CPU = Release|Any CPU
	EndGlobalSection
	GlobalSection(ProjectConfigurationPlatforms) = postSolution
		{69CF8C92-DDCD-4D05-9688-E5964290CB2E}.Debug|Any CPU.ActiveCfg = Debug|Any CPU
		{69CF8C92-DDCD-4D05-9688-E5964290CB2E}.Debug|Any CPU.Build.0 = Debug|Any CPU
		{69CF8C92-DDCD-4D05-9688-E5964290CB2E}.Release|Any CPU.ActiveCfg = Release|Any CPU
		{69CF8C92-DDCD-4D05-9688-E5964290CB2E}.Release|Any CPU.Build.0 = Release|Any CPU
	EndGlobalSection
	GlobalSection(SolutionProperties) = preSolution
		HideSolutionNode = FALSE
	EndGlobalSection
	GlobalSection(ExtensibilityGlobals) = postSolution
		SolutionGuid = {59122399-5651-4D1C-B3C4-9FC05EB7840E}
	EndGlobalSection
EndGlobal
